
Microsoft Visual Studio Solution File, Format Version 12.00
# Visual Studio Version 16
VisualStudioVersion = 16.0.30717.126
MinimumVisualStudioVersion = 10.0.40219.1
Project("{9A19103F-16F7-4668-BE54-9A1E7A4F7556}") = "WebApplication1", "WebApplication1.csproj", "{3333010E-3256-48A0-AA82-45785168FE52}"
EndProject
Project("{FAE04EC0-301F-11D3-BF4B-00C04F79EFBC}") = "WebApplication2", "..\WebApplication2\WebApplication2.csproj", "{EA9D2401-8167-4655-9A7D-B695F9900726}"
EndProject
Global
	GlobalSection(SolutionConfigurationPlatforms) = preSolution
		Debug|Any CPU = Debug|Any CPU
		Release|Any CPU = Release|Any CPU
	EndGlobalSection
	GlobalSection(ProjectConfigurationPlatforms) = postSolution
		{3333010E-3256-48A0-AA82-45785168FE52}.Debug|Any CPU.ActiveCfg = Debug|Any CPU
		{3333010E-3256-48A0-AA82-45785168FE52}.Debug|Any CPU.Build.0 = Debug|Any CPU
		{3333010E-3256-48A0-AA82-45785168FE52}.Release|Any CPU.ActiveCfg = Release|Any CPU
		{3333010E-3256-48A0-AA82-45785168FE52}.Release|Any CPU.Build.0 = Release|Any CPU
		{EA9D2401-8167-4655-9A7D-B695F9900726}.Debug|Any CPU.ActiveCfg = Debug|Any CPU
		{EA9D2401-8167-4655-9A7D-B695F9900726}.Debug|Any CPU.Build.0 = Debug|Any CPU
		{EA9D2401-8167-4655-9A7D-B695F9900726}.Release|Any CPU.ActiveCfg = Release|Any CPU
		{EA9D2401-8167-4655-9A7D-B695F9900726}.Release|Any CPU.Build.0 = Release|Any CPU
	EndGlobalSection
	GlobalSection(SolutionProperties) = preSolution
		HideSolutionNode = FALSE
	EndGlobalSection
	GlobalSection(ExtensibilityGlobals) = postSolution
		SolutionGuid = {D25EBB23-0B19-42BF-8060-7C3C51664699}
	EndGlobalSection
EndGlobal
